// !$*UTF8*$!
{
	archiveVersion = 1;
	classes = {
	};
	objectVersion = 48;
	objects = {

/* Begin PBXBuildFile section */
		3A21855F2000B102005A9CB2 /* AppDelegate.m in Sources */ = {isa = PBXBuildFile; fileRef = 3A21855E2000B102005A9CB2 /* AppDelegate.m */; };
		3A2185622000B102005A9CB2 /* ViewController.m in Sources */ = {isa = PBXBuildFile; fileRef = 3A2185612000B102005A9CB2 /* ViewController.m */; };
		3A2185672000B102005A9CB2 /* Assets.xcassets in Resources */ = {isa = PBXBuildFile; fileRef = 3A2185662000B102005A9CB2 /* Assets.xcassets */; };
		3A21856A2000B102005A9CB2 /* LaunchScreen.storyboard in Resources */ = {isa = PBXBuildFile; fileRef = 3A2185682000B102005A9CB2 /* LaunchScreen.storyboard */; };
		3A21856D2000B102005A9CB2 /* main.m in Sources */ = {isa = PBXBuildFile; fileRef = 3A21856C2000B102005A9CB2 /* main.m */; };
		3A2185772000B103005A9CB2 /* ZZBluetoothTests.m in Sources */ = {isa = PBXBuildFile; fileRef = 3A2185762000B103005A9CB2 /* ZZBluetoothTests.m */; };
		3A2185822000B103005A9CB2 /* ZZBluetoothUITests.m in Sources */ = {isa = PBXBuildFile; fileRef = 3A2185812000B103005A9CB2 /* ZZBluetoothUITests.m */; };
		3A2185DD2000B13E005A9CB2 /* ZZBLEConnection.m in Sources */ = {isa = PBXBuildFile; fileRef = 3A2185942000B13E005A9CB2 /* ZZBLEConnection.m */; };
		3A2185DE2000B13E005A9CB2 /* ZZBLEManager.m in Sources */ = {isa = PBXBuildFile; fileRef = 3A2185972000B13E005A9CB2 /* ZZBLEManager.m */; };
		3A2185DF2000B13E005A9CB2 /* ZZBLEResponseBuffer.m in Sources */ = {isa = PBXBuildFile; fileRef = 3A2185992000B13E005A9CB2 /* ZZBLEResponseBuffer.m */; };
		3A2185E02000B13E005A9CB2 /* ZZBLERequest.m in Sources */ = {isa = PBXBuildFile; fileRef = 3A21859D2000B13E005A9CB2 /* ZZBLERequest.m */; };
		3A2185E12000B13E005A9CB2 /* ZZBLEResponse.m in Sources */ = {isa = PBXBuildFile; fileRef = 3A21859F2000B13E005A9CB2 /* ZZBLEResponse.m */; };
		3A2185E22000B13E005A9CB2 /* ZZBLEScanAction.m in Sources */ = {isa = PBXBuildFile; fileRef = 3A2185A12000B13E005A9CB2 /* ZZBLEScanAction.m */; };
		3A2185E32000B13E005A9CB2 /* ZZBLETask.m in Sources */ = {isa = PBXBuildFile; fileRef = 3A2185A42000B13E005A9CB2 /* ZZBLETask.m */; };
		3A2185E42000B13E005A9CB2 /* ZZBLETimer.m in Sources */ = {isa = PBXBuildFile; fileRef = 3A2185AA2000B13E005A9CB2 /* ZZBLETimer.m */; };
		3A2185F32000B13E005A9CB2 /* NSData+ZZTransform.m in Sources */ = {isa = PBXBuildFile; fileRef = 3A2185D52000B13E005A9CB2 /* NSData+ZZTransform.m */; };
		3A2185F52000B13E005A9CB2 /* NSString+ZZTranform.m in Sources */ = {isa = PBXBuildFile; fileRef = 3A2185D92000B13E005A9CB2 /* NSString+ZZTranform.m */; };
		3A2185F72000B13E005A9CB2 /* Readme.md in Resources */ = {isa = PBXBuildFile; fileRef = 3A2185DC2000B13E005A9CB2 /* Readme.md */; };
/* End PBXBuildFile section */

/* Begin PBXContainerItemProxy section */
		3A2185732000B103005A9CB2 /* PBXContainerItemProxy */ = {
			isa = PBXContainerItemProxy;
			containerPortal = 3A2185522000B102005A9CB2 /* Project object */;
			proxyType = 1;
			remoteGlobalIDString = 3A2185592000B102005A9CB2;
			remoteInfo = ZZBluetooth;
		};
		3A21857E2000B103005A9CB2 /* PBXContainerItemProxy */ = {
			isa = PBXContainerItemProxy;
			containerPortal = 3A2185522000B102005A9CB2 /* Project object */;
			proxyType = 1;
			remoteGlobalIDString = 3A2185592000B102005A9CB2;
			remoteInfo = ZZBluetooth;
		};
/* End PBXContainerItemProxy section */

/* Begin PBXFileReference section */
		3A21855A2000B102005A9CB2 /* ZZBluetooth.app */ = {isa = PBXFileReference; explicitFileType = wrapper.application; includeInIndex = 0; path = ZZBluetooth.app; sourceTree = BUILT_PRODUCTS_DIR; };
		3A21855D2000B102005A9CB2 /* AppDelegate.h */ = {isa = PBXFileReference; lastKnownFileType = sourcecode.c.h; path = AppDelegate.h; sourceTree = "<group>"; };
		3A21855E2000B102005A9CB2 /* AppDelegate.m */ = {isa = PBXFileReference; lastKnownFileType = sourcecode.c.objc; path = AppDelegate.m; sourceTree = "<group>"; };
		3A2185602000B102005A9CB2 /* ViewController.h */ = {isa = PBXFileReference; lastKnownFileType = sourcecode.c.h; path = ViewController.h; sourceTree = "<group>"; };
		3A2185612000B102005A9CB2 /* ViewController.m */ = {isa = PBXFileReference; lastKnownFileType = sourcecode.c.objc; path = ViewController.m; sourceTree = "<group>"; };
		3A2185662000B102005A9CB2 /* Assets.xcassets */ = {isa = PBXFileReference; lastKnownFileType = folder.assetcatalog; path = Assets.xcassets; sourceTree = "<group>"; };
		3A2185692000B102005A9CB2 /* Base */ = {isa = PBXFileReference; lastKnownFileType = file.storyboard; name = Base; path = Base.lproj/LaunchScreen.storyboard; sourceTree = "<group>"; };
		3A21856B2000B102005A9CB2 /* Info.plist */ = {isa = PBXFileReference; lastKnownFileType = text.plist.xml; path = Info.plist; sourceTree = "<group>"; };
		3A21856C2000B102005A9CB2 /* main.m */ = {isa = PBXFileReference; lastKnownFileType = sourcecode.c.objc; path = main.m; sourceTree = "<group>"; };
		3A2185722000B103005A9CB2 /* ZZBluetoothTests.xctest */ = {isa = PBXFileReference; explicitFileType = wrapper.cfbundle; includeInIndex = 0; path = ZZBluetoothTests.xctest; sourceTree = BUILT_PRODUCTS_DIR; };
		3A2185762000B103005A9CB2 /* ZZBluetoothTests.m */ = {isa = PBXFileReference; lastKnownFileType = sourcecode.c.objc; path = ZZBluetoothTests.m; sourceTree = "<group>"; };
		3A2185782000B103005A9CB2 /* Info.plist */ = {isa = PBXFileReference; lastKnownFileType = text.plist.xml; path = Info.plist; sourceTree = "<group>"; };
		3A21857D2000B103005A9CB2 /* ZZBluetoothUITests.xctest */ = {isa = PBXFileReference; explicitFileType = wrapper.cfbundle; includeInIndex = 0; path = ZZBluetoothUITests.xctest; sourceTree = BUILT_PRODUCTS_DIR; };
		3A2185812000B103005A9CB2 /* ZZBluetoothUITests.m */ = {isa = PBXFileReference; lastKnownFileType = sourcecode.c.objc; path = ZZBluetoothUITests.m; sourceTree = "<group>"; };
		3A2185832000B103005A9CB2 /* Info.plist */ = {isa = PBXFileReference; lastKnownFileType = text.plist.xml; path = Info.plist; sourceTree = "<group>"; };
		3A2185922000B13E005A9CB2 /* ZZBLEConnection+Private.h */ = {isa = PBXFileReference; fileEncoding = 4; lastKnownFileType = sourcecode.c.h; path = "ZZBLEConnection+Private.h"; sourceTree = "<group>"; };
		3A2185932000B13E005A9CB2 /* ZZBLEConnection.h */ = {isa = PBXFileReference; fileEncoding = 4; lastKnownFileType = sourcecode.c.h; path = ZZBLEConnection.h; sourceTree = "<group>"; };
		3A2185942000B13E005A9CB2 /* ZZBLEConnection.m */ = {isa = PBXFileReference; fileEncoding = 4; lastKnownFileType = sourcecode.c.objc; path = ZZBLEConnection.m; sourceTree = "<group>"; };
		3A2185952000B13E005A9CB2 /* ZZBLEManager+Private.h */ = {isa = PBXFileReference; fileEncoding = 4; lastKnownFileType = sourcecode.c.h; path = "ZZBLEManager+Private.h"; sourceTree = "<group>"; };
		3A2185962000B13E005A9CB2 /* ZZBLEManager.h */ = {isa = PBXFileReference; fileEncoding = 4; lastKnownFileType = sourcecode.c.h; path = ZZBLEManager.h; sourceTree = "<group>"; };
		3A2185972000B13E005A9CB2 /* ZZBLEManager.m */ = {isa = PBXFileReference; fileEncoding = 4; lastKnownFileType = sourcecode.c.objc; path = ZZBLEManager.m; sourceTree = "<group>"; };
		3A2185982000B13E005A9CB2 /* ZZBLEResponseBuffer.h */ = {isa = PBXFileReference; fileEncoding = 4; lastKnownFileType = sourcecode.c.h; path = ZZBLEResponseBuffer.h; sourceTree = "<group>"; };
		3A2185992000B13E005A9CB2 /* ZZBLEResponseBuffer.m */ = {isa = PBXFileReference; fileEncoding = 4; lastKnownFileType = sourcecode.c.objc; path = ZZBLEResponseBuffer.m; sourceTree = "<group>"; };
		3A21859B2000B13E005A9CB2 /* ZZBLERequest+Private.h */ = {isa = PBXFileReference; fileEncoding = 4; lastKnownFileType = sourcecode.c.h; path = "ZZBLERequest+Private.h"; sourceTree = "<group>"; };
		3A21859C2000B13E005A9CB2 /* ZZBLERequest.h */ = {isa = PBXFileReference; fileEncoding = 4; lastKnownFileType = sourcecode.c.h; path = ZZBLERequest.h; sourceTree = "<group>"; };
		3A21859D2000B13E005A9CB2 /* ZZBLERequest.m */ = {isa = PBXFileReference; fileEncoding = 4; lastKnownFileType = sourcecode.c.objc; path = ZZBLERequest.m; sourceTree = "<group>"; };
		3A21859E2000B13E005A9CB2 /* ZZBLEResponse.h */ = {isa = PBXFileReference; fileEncoding = 4; lastKnownFileType = sourcecode.c.h; path = ZZBLEResponse.h; sourceTree = "<group>"; };
		3A21859F2000B13E005A9CB2 /* ZZBLEResponse.m */ = {isa = PBXFileReference; fileEncoding = 4; lastKnownFileType = sourcecode.c.objc; path = ZZBLEResponse.m; sourceTree = "<group>"; };
		3A2185A02000B13E005A9CB2 /* ZZBLEScanAction.h */ = {isa = PBXFileReference; fileEncoding = 4; lastKnownFileType = sourcecode.c.h; path = ZZBLEScanAction.h; sourceTree = "<group>"; };
		3A2185A12000B13E005A9CB2 /* ZZBLEScanAction.m */ = {isa = PBXFileReference; fileEncoding = 4; lastKnownFileType = sourcecode.c.objc; path = ZZBLEScanAction.m; sourceTree = "<group>"; };
		3A2185A22000B13E005A9CB2 /* ZZBLETask+Private.h */ = {isa = PBXFileReference; fileEncoding = 4; lastKnownFileType = sourcecode.c.h; path = "ZZBLETask+Private.h"; sourceTree = "<group>"; };
		3A2185A32000B13E005A9CB2 /* ZZBLETask.h */ = {isa = PBXFileReference; fileEncoding = 4; lastKnownFileType = sourcecode.c.h; path = ZZBLETask.h; sourceTree = "<group>"; };
		3A2185A42000B13E005A9CB2 /* ZZBLETask.m */ = {isa = PBXFileReference; fileEncoding = 4; lastKnownFileType = sourcecode.c.objc; path = ZZBLETask.m; sourceTree = "<group>"; };
		3A2185A72000B13E005A9CB2 /* ZZBLEConfig.h */ = {isa = PBXFileReference; fileEncoding = 4; lastKnownFileType = sourcecode.c.h; path = ZZBLEConfig.h; sourceTree = "<group>"; };
		3A2185A82000B13E005A9CB2 /* ZZBLETaskError.h */ = {isa = PBXFileReference; fileEncoding = 4; lastKnownFileType = sourcecode.c.h; path = ZZBLETaskError.h; sourceTree = "<group>"; };
		3A2185A92000B13E005A9CB2 /* ZZBLETimer.h */ = {isa = PBXFileReference; fileEncoding = 4; lastKnownFileType = sourcecode.c.h; path = ZZBLETimer.h; sourceTree = "<group>"; };
		3A2185AA2000B13E005A9CB2 /* ZZBLETimer.m */ = {isa = PBXFileReference; fileEncoding = 4; lastKnownFileType = sourcecode.c.objc; path = ZZBLETimer.m; sourceTree = "<group>"; };
		3A2185AB2000B13E005A9CB2 /* ZZBlueTooth.h */ = {isa = PBXFileReference; fileEncoding = 4; lastKnownFileType = sourcecode.c.h; path = ZZBlueTooth.h; sourceTree = "<group>"; };
		3A2185D42000B13E005A9CB2 /* NSData+ZZTransform.h */ = {isa = PBXFileReference; fileEncoding = 4; lastKnownFileType = sourcecode.c.h; path = "NSData+ZZTransform.h"; sourceTree = "<group>"; };
		3A2185D52000B13E005A9CB2 /* NSData+ZZTransform.m */ = {isa = PBXFileReference; fileEncoding = 4; lastKnownFileType = sourcecode.c.objc; path = "NSData+ZZTransform.m"; sourceTree = "<group>"; };
		3A2185D82000B13E005A9CB2 /* NSString+ZZTranform.h */ = {isa = PBXFileReference; fileEncoding = 4; lastKnownFileType = sourcecode.c.h; path = "NSString+ZZTranform.h"; sourceTree = "<group>"; };
		3A2185D92000B13E005A9CB2 /* NSString+ZZTranform.m */ = {isa = PBXFileReference; fileEncoding = 4; lastKnownFileType = sourcecode.c.objc; path = "NSString+ZZTranform.m"; sourceTree = "<group>"; };
		3A2185DC2000B13E005A9CB2 /* Readme.md */ = {isa = PBXFileReference; fileEncoding = 4; lastKnownFileType = net.daringfireball.markdown; path = Readme.md; sourceTree = "<group>"; };
/* End PBXFileReference section */

/* Begin PBXFrameworksBuildPhase section */
		3A2185572000B102005A9CB2 /* Frameworks */ = {
			isa = PBXFrameworksBuildPhase;
			buildActionMask = 2147483647;
			files = (
			);
			runOnlyForDeploymentPostprocessing = 0;
		};
		3A21856F2000B103005A9CB2 /* Frameworks */ = {
			isa = PBXFrameworksBuildPhase;
			buildActionMask = 2147483647;
			files = (
			);
			runOnlyForDeploymentPostprocessing = 0;
		};
		3A21857A2000B103005A9CB2 /* Frameworks */ = {
			isa = PBXFrameworksBuildPhase;
			buildActionMask = 2147483647;
			files = (
			);
			runOnlyForDeploymentPostprocessing = 0;
		};
/* End PBXFrameworksBuildPhase section */

/* Begin PBXGroup section */
		3A2185512000B102005A9CB2 = {
			isa = PBXGroup;
			children = (
				3A21855C2000B102005A9CB2 /* ZZBluetooth */,
				3A2185752000B103005A9CB2 /* ZZBluetoothTests */,
				3A2185802000B103005A9CB2 /* ZZBluetoothUITests */,
				3A21855B2000B102005A9CB2 /* Products */,
			);
			sourceTree = "<group>";
		};
		3A21855B2000B102005A9CB2 /* Products */ = {
			isa = PBXGroup;
			children = (
				3A21855A2000B102005A9CB2 /* ZZBluetooth.app */,
				3A2185722000B103005A9CB2 /* ZZBluetoothTests.xctest */,
				3A21857D2000B103005A9CB2 /* ZZBluetoothUITests.xctest */,
			);
			name = Products;
			sourceTree = "<group>";
		};
		3A21855C2000B102005A9CB2 /* ZZBluetooth */ = {
			isa = PBXGroup;
			children = (
				3A21855D2000B102005A9CB2 /* AppDelegate.h */,
				3A21855E2000B102005A9CB2 /* AppDelegate.m */,
				3A21858F2000B13E005A9CB2 /* ZZBlueTooth */,
				3A2185602000B102005A9CB2 /* ViewController.h */,
				3A2185612000B102005A9CB2 /* ViewController.m */,
				3A2185662000B102005A9CB2 /* Assets.xcassets */,
				3A2185682000B102005A9CB2 /* LaunchScreen.storyboard */,
				3A21856B2000B102005A9CB2 /* Info.plist */,
				3A21856C2000B102005A9CB2 /* main.m */,
			);
			path = ZZBluetooth;
			sourceTree = "<group>";
		};
		3A2185752000B103005A9CB2 /* ZZBluetoothTests */ = {
			isa = PBXGroup;
			children = (
				3A2185762000B103005A9CB2 /* ZZBluetoothTests.m */,
				3A2185782000B103005A9CB2 /* Info.plist */,
			);
			path = ZZBluetoothTests;
			sourceTree = "<group>";
		};
		3A2185802000B103005A9CB2 /* ZZBluetoothUITests */ = {
			isa = PBXGroup;
			children = (
				3A2185812000B103005A9CB2 /* ZZBluetoothUITests.m */,
				3A2185832000B103005A9CB2 /* Info.plist */,
			);
			path = ZZBluetoothUITests;
			sourceTree = "<group>";
		};
		3A21858F2000B13E005A9CB2 /* ZZBlueTooth */ = {
			isa = PBXGroup;
			children = (
				3A2185AB2000B13E005A9CB2 /* ZZBlueTooth.h */,
				3A2185DC2000B13E005A9CB2 /* Readme.md */,
				3A2185902000B13E005A9CB2 /* BlueTooth */,
			);
			path = ZZBlueTooth;
			sourceTree = "<group>";
		};
		3A2185902000B13E005A9CB2 /* BlueTooth */ = {
			isa = PBXGroup;
			children = (
				3A2185912000B13E005A9CB2 /* Manager */,
				3A21859A2000B13E005A9CB2 /* Model */,
				3A2185A52000B13E005A9CB2 /* Utils */,
			);
			path = BlueTooth;
			sourceTree = "<group>";
		};
		3A2185912000B13E005A9CB2 /* Manager */ = {
			isa = PBXGroup;
			children = (
				3A2185922000B13E005A9CB2 /* ZZBLEConnection+Private.h */,
				3A2185932000B13E005A9CB2 /* ZZBLEConnection.h */,
				3A2185942000B13E005A9CB2 /* ZZBLEConnection.m */,
				3A2185952000B13E005A9CB2 /* ZZBLEManager+Private.h */,
				3A2185962000B13E005A9CB2 /* ZZBLEManager.h */,
				3A2185972000B13E005A9CB2 /* ZZBLEManager.m */,
				3A2185982000B13E005A9CB2 /* ZZBLEResponseBuffer.h */,
				3A2185992000B13E005A9CB2 /* ZZBLEResponseBuffer.m */,
			);
			path = Manager;
			sourceTree = "<group>";
		};
		3A21859A2000B13E005A9CB2 /* Model */ = {
			isa = PBXGroup;
			children = (
				3A21859B2000B13E005A9CB2 /* ZZBLERequest+Private.h */,
				3A21859C2000B13E005A9CB2 /* ZZBLERequest.h */,
				3A21859D2000B13E005A9CB2 /* ZZBLERequest.m */,
				3A21859E2000B13E005A9CB2 /* ZZBLEResponse.h */,
				3A21859F2000B13E005A9CB2 /* ZZBLEResponse.m */,
				3A2185A02000B13E005A9CB2 /* ZZBLEScanAction.h */,
				3A2185A12000B13E005A9CB2 /* ZZBLEScanAction.m */,
				3A2185A22000B13E005A9CB2 /* ZZBLETask+Private.h */,
				3A2185A32000B13E005A9CB2 /* ZZBLETask.h */,
				3A2185A42000B13E005A9CB2 /* ZZBLETask.m */,
			);
			path = Model;
			sourceTree = "<group>";
		};
		3A2185A52000B13E005A9CB2 /* Utils */ = {
			isa = PBXGroup;
			children = (
				3A2185A82000B13E005A9CB2 /* ZZBLETaskError.h */,
				3A2185A72000B13E005A9CB2 /* ZZBLEConfig.h */,
				3A2185A92000B13E005A9CB2 /* ZZBLETimer.h */,
				3A2185AA2000B13E005A9CB2 /* ZZBLETimer.m */,
				3A2185D42000B13E005A9CB2 /* NSData+ZZTransform.h */,
				3A2185D52000B13E005A9CB2 /* NSData+ZZTransform.m */,
				3A2185D82000B13E005A9CB2 /* NSString+ZZTranform.h */,
				3A2185D92000B13E005A9CB2 /* NSString+ZZTranform.m */,
			);
			path = Utils;
			sourceTree = "<group>";
		};
/* End PBXGroup section */

/* Begin PBXNativeTarget section */
		3A2185592000B102005A9CB2 /* ZZBluetooth */ = {
			isa = PBXNativeTarget;
			buildConfigurationList = 3A2185862000B103005A9CB2 /* Build configuration list for PBXNativeTarget "ZZBluetooth" */;
			buildPhases = (
				3A2185562000B102005A9CB2 /* Sources */,
				3A2185572000B102005A9CB2 /* Frameworks */,
				3A2185582000B102005A9CB2 /* Resources */,
			);
			buildRules = (
			);
			dependencies = (
			);
			name = ZZBluetooth;
			productName = ZZBluetooth;
			productReference = 3A21855A2000B102005A9CB2 /* ZZBluetooth.app */;
			productType = "com.apple.product-type.application";
		};
		3A2185712000B103005A9CB2 /* ZZBluetoothTests */ = {
			isa = PBXNativeTarget;
			buildConfigurationList = 3A2185892000B103005A9CB2 /* Build configuration list for PBXNativeTarget "ZZBluetoothTests" */;
			buildPhases = (
				3A21856E2000B103005A9CB2 /* Sources */,
				3A21856F2000B103005A9CB2 /* Frameworks */,
				3A2185702000B103005A9CB2 /* Resources */,
			);
			buildRules = (
			);
			dependencies = (
				3A2185742000B103005A9CB2 /* PBXTargetDependency */,
			);
			name = ZZBluetoothTests;
			productName = ZZBluetoothTests;
			productReference = 3A2185722000B103005A9CB2 /* ZZBluetoothTests.xctest */;
			productType = "com.apple.product-type.bundle.unit-test";
		};
		3A21857C2000B103005A9CB2 /* ZZBluetoothUITests */ = {
			isa = PBXNativeTarget;
			buildConfigurationList = 3A21858C2000B103005A9CB2 /* Build configuration list for PBXNativeTarget "ZZBluetoothUITests" */;
			buildPhases = (
				3A2185792000B103005A9CB2 /* Sources */,
				3A21857A2000B103005A9CB2 /* Frameworks */,
				3A21857B2000B103005A9CB2 /* Resources */,
			);
			buildRules = (
			);
			dependencies = (
				3A21857F2000B103005A9CB2 /* PBXTargetDependency */,
			);
			name = ZZBluetoothUITests;
			productName = ZZBluetoothUITests;
			productReference = 3A21857D2000B103005A9CB2 /* ZZBluetoothUITests.xctest */;
			productType = "com.apple.product-type.bundle.ui-testing";
		};
/* End PBXNativeTarget section */

/* Begin PBXProject section */
		3A2185522000B102005A9CB2 /* Project object */ = {
			isa = PBXProject;
			attributes = {
				LastUpgradeCheck = 0910;
				ORGANIZATIONNAME = zz;
				TargetAttributes = {
					3A2185592000B102005A9CB2 = {
						CreatedOnToolsVersion = 9.1;
						ProvisioningStyle = Automatic;
					};
					3A2185712000B103005A9CB2 = {
						CreatedOnToolsVersion = 9.1;
						ProvisioningStyle = Automatic;
						TestTargetID = 3A2185592000B102005A9CB2;
					};
					3A21857C2000B103005A9CB2 = {
						CreatedOnToolsVersion = 9.1;
						ProvisioningStyle = Automatic;
						TestTargetID = 3A2185592000B102005A9CB2;
					};
				};
			};
			buildConfigurationList = 3A2185552000B102005A9CB2 /* Build configuration list for PBXProject "ZZBluetooth" */;
			compatibilityVersion = "Xcode 8.0";
			developmentRegion = en;
			hasScannedForEncodings = 0;
			knownRegions = (
				en,
				Base,
			);
			mainGroup = 3A2185512000B102005A9CB2;
			productRefGroup = 3A21855B2000B102005A9CB2 /* Products */;
			projectDirPath = "";
			projectRoot = "";
			targets = (
				3A2185592000B102005A9CB2 /* ZZBluetooth */,
				3A2185712000B103005A9CB2 /* ZZBluetoothTests */,
				3A21857C2000B103005A9CB2 /* ZZBluetoothUITests */,
			);
		};
/* End PBXProject section */

/* Begin PBXResourcesBuildPhase section */
		3A2185582000B102005A9CB2 /* Resources */ = {
			isa = PBXResourcesBuildPhase;
			buildActionMask = 2147483647;
			files = (
				3A21856A2000B102005A9CB2 /* LaunchScreen.storyboard in Resources */,
				3A2185672000B102005A9CB2 /* Assets.xcassets in Resources */,
				3A2185F72000B13E005A9CB2 /* Readme.md in Resources */,
			);
			runOnlyForDeploymentPostprocessing = 0;
		};
		3A2185702000B103005A9CB2 /* Resources */ = {
			isa = PBXResourcesBuildPhase;
			buildActionMask = 2147483647;
			files = (
			);
			runOnlyForDeploymentPostprocessing = 0;
		};
		3A21857B2000B103005A9CB2 /* Resources */ = {
			isa = PBXResourcesBuildPhase;
			buildActionMask = 2147483647;
			files = (
			);
			runOnlyForDeploymentPostprocessing = 0;
		};
/* End PBXResourcesBuildPhase section */

/* Begin PBXSourcesBuildPhase section */
		3A2185562000B102005A9CB2 /* Sources */ = {
			isa = PBXSourcesBuildPhase;
			buildActionMask = 2147483647;
			files = (
				3A2185E42000B13E005A9CB2 /* ZZBLETimer.m in Sources */,
				3A2185622000B102005A9CB2 /* ViewController.m in Sources */,
				3A21856D2000B102005A9CB2 /* main.m in Sources */,
				3A2185DD2000B13E005A9CB2 /* ZZBLEConnection.m in Sources */,
				3A2185E32000B13E005A9CB2 /* ZZBLETask.m in Sources */,
				3A2185F52000B13E005A9CB2 /* NSString+ZZTranform.m in Sources */,
				3A2185DE2000B13E005A9CB2 /* ZZBLEManager.m in Sources */,
				3A21855F2000B102005A9CB2 /* AppDelegate.m in Sources */,
				3A2185E02000B13E005A9CB2 /* ZZBLERequest.m in Sources */,
				3A2185DF2000B13E005A9CB2 /* ZZBLEResponseBuffer.m in Sources */,
				3A2185F32000B13E005A9CB2 /* NSData+ZZTransform.m in Sources */,
				3A2185E22000B13E005A9CB2 /* ZZBLEScanAction.m in Sources */,
				3A2185E12000B13E005A9CB2 /* ZZBLEResponse.m in Sources */,
			);
			runOnlyForDeploymentPostprocessing = 0;
		};
		3A21856E2000B103005A9CB2 /* Sources */ = {
			isa = PBXSourcesBuildPhase;
			buildActionMask = 2147483647;
			files = (
				3A2185772000B103005A9CB2 /* ZZBluetoothTests.m in Sources */,
			);
			runOnlyForDeploymentPostprocessing = 0;
		};
		3A2185792000B103005A9CB2 /* Sources */ = {
			isa = PBXSourcesBuildPhase;
			buildActionMask = 2147483647;
			files = (
				3A2185822000B103005A9CB2 /* ZZBluetoothUITests.m in Sources */,
			);
			runOnlyForDeploymentPostprocessing = 0;
		};
/* End PBXSourcesBuildPhase section */

/* Begin PBXTargetDependency section */
		3A2185742000B103005A9CB2 /* PBXTargetDependency */ = {
			isa = PBXTargetDependency;
			target = 3A2185592000B102005A9CB2 /* ZZBluetooth */;
			targetProxy = 3A2185732000B103005A9CB2 /* PBXContainerItemProxy */;
		};
		3A21857F2000B103005A9CB2 /* PBXTargetDependency */ = {
			isa = PBXTargetDependency;
			target = 3A2185592000B102005A9CB2 /* ZZBluetooth */;
			targetProxy = 3A21857E2000B103005A9CB2 /* PBXContainerItemProxy */;
		};
/* End PBXTargetDependency section */

/* Begin PBXVariantGroup section */
		3A2185682000B102005A9CB2 /* LaunchScreen.storyboard */ = {
			isa = PBXVariantGroup;
			children = (
				3A2185692000B102005A9CB2 /* Base */,
			);
			name = LaunchScreen.storyboard;
			sourceTree = "<group>";
		};
/* End PBXVariantGroup section */

/* Begin XCBuildConfiguration section */
		3A2185842000B103005A9CB2 /* Debug */ = {
			isa = XCBuildConfiguration;
			buildSettings = {
				ALWAYS_SEARCH_USER_PATHS = NO;
				CLANG_ANALYZER_NONNULL = YES;
				CLANG_ANALYZER_NUMBER_OBJECT_CONVERSION = YES_AGGRESSIVE;
				CLANG_CXX_LANGUAGE_STANDARD = "gnu++14";
				CLANG_CXX_LIBRARY = "libc++";
				CLANG_ENABLE_MODULES = YES;
				CLANG_ENABLE_OBJC_ARC = YES;
				CLANG_WARN_BLOCK_CAPTURE_AUTORELEASING = YES;
				CLANG_WARN_BOOL_CONVERSION = YES;
				CLANG_WARN_COMMA = YES;
				CLANG_WARN_CONSTANT_CONVERSION = YES;
				CLANG_WARN_DIRECT_OBJC_ISA_USAGE = YES_ERROR;
				CLANG_WARN_DOCUMENTATION_COMMENTS = YES;
				CLANG_WARN_EMPTY_BODY = YES;
				CLANG_WARN_ENUM_CONVERSION = YES;
				CLANG_WARN_INFINITE_RECURSION = YES;
				CLANG_WARN_INT_CONVERSION = YES;
				CLANG_WARN_NON_LITERAL_NULL_CONVERSION = YES;
				CLANG_WARN_OBJC_LITERAL_CONVERSION = YES;
				CLANG_WARN_OBJC_ROOT_CLASS = YES_ERROR;
				CLANG_WARN_RANGE_LOOP_ANALYSIS = YES;
				CLANG_WARN_STRICT_PROTOTYPES = YES;
				CLANG_WARN_SUSPICIOUS_MOVE = YES;
				CLANG_WARN_UNGUARDED_AVAILABILITY = YES_AGGRESSIVE;
				CLANG_WARN_UNREACHABLE_CODE = YES;
				CLANG_WARN__DUPLICATE_METHOD_MATCH = YES;
				CODE_SIGN_IDENTITY = "iPhone Developer";
				COPY_PHASE_STRIP = NO;
				DEBUG_INFORMATION_FORMAT = dwarf;
				ENABLE_STRICT_OBJC_MSGSEND = YES;
				ENABLE_TESTABILITY = YES;
				GCC_C_LANGUAGE_STANDARD = gnu11;
				GCC_DYNAMIC_NO_PIC = NO;
				GCC_NO_COMMON_BLOCKS = YES;
				GCC_OPTIMIZATION_LEVEL = 0;
				GCC_PREPROCESSOR_DEFINITIONS = (
					"DEBUG=1",
					"$(inherited)",
				);
				GCC_WARN_64_TO_32_BIT_CONVERSION = YES;
				GCC_WARN_ABOUT_RETURN_TYPE = YES_ERROR;
				GCC_WARN_UNDECLARED_SELECTOR = YES;
				GCC_WARN_UNINITIALIZED_AUTOS = YES_AGGRESSIVE;
				GCC_WARN_UNUSED_FUNCTION = YES;
				GCC_WARN_UNUSED_VARIABLE = YES;
				IPHONEOS_DEPLOYMENT_TARGET = 11.1;
				MTL_ENABLE_DEBUG_INFO = YES;
				ONLY_ACTIVE_ARCH = YES;
				SDKROOT = iphoneos;
			};
			name = Debug;
		};
		3A2185852000B103005A9CB2 /* Release */ = {
			isa = XCBuildConfiguration;
			buildSettings = {
				ALWAYS_SEARCH_USER_PATHS = NO;
				CLANG_ANALYZER_NONNULL = YES;
				CLANG_ANALYZER_NUMBER_OBJECT_CONVERSION = YES_AGGRESSIVE;
				CLANG_CXX_LANGUAGE_STANDARD = "gnu++14";
				CLANG_CXX_LIBRARY = "libc++";
				CLANG_ENABLE_MODULES = YES;
				CLANG_ENABLE_OBJC_ARC = YES;
				CLANG_WARN_BLOCK_CAPTURE_AUTORELEASING = YES;
				CLANG_WARN_BOOL_CONVERSION = YES;
				CLANG_WARN_COMMA = YES;
				CLANG_WARN_CONSTANT_CONVERSION = YES;
				CLANG_WARN_DIRECT_OBJC_ISA_USAGE = YES_ERROR;
				CLANG_WARN_DOCUMENTATION_COMMENTS = YES;
				CLANG_WARN_EMPTY_BODY = YES;
				CLANG_WARN_ENUM_CONVERSION = YES;
				CLANG_WARN_INFINITE_RECURSION = YES;
				CLANG_WARN_INT_CONVERSION = YES;
				CLANG_WARN_NON_LITERAL_NULL_CONVERSION = YES;
				CLANG_WARN_OBJC_LITERAL_CONVERSION = YES;
				CLANG_WARN_OBJC_ROOT_CLASS = YES_ERROR;
				CLANG_WARN_RANGE_LOOP_ANALYSIS = YES;
				CLANG_WARN_STRICT_PROTOTYPES = YES;
				CLANG_WARN_SUSPICIOUS_MOVE = YES;
				CLANG_WARN_UNGUARDED_AVAILABILITY = YES_AGGRESSIVE;
				CLANG_WARN_UNREACHABLE_CODE = YES;
				CLANG_WARN__DUPLICATE_METHOD_MATCH = YES;
				CODE_SIGN_IDENTITY = "iPhone Developer";
				COPY_PHASE_STRIP = NO;
				DEBUG_INFORMATION_FORMAT = "dwarf-with-dsym";
				ENABLE_NS_ASSERTIONS = NO;
				ENABLE_STRICT_OBJC_MSGSEND = YES;
				GCC_C_LANGUAGE_STANDARD = gnu11;
				GCC_NO_COMMON_BLOCKS = YES;
				GCC_WARN_64_TO_32_BIT_CONVERSION = YES;
				GCC_WARN_ABOUT_RETURN_TYPE = YES_ERROR;
				GCC_WARN_UNDECLARED_SELECTOR = YES;
				GCC_WARN_UNINITIALIZED_AUTOS = YES_AGGRESSIVE;
				GCC_WARN_UNUSED_FUNCTION = YES;
				GCC_WARN_UNUSED_VARIABLE = YES;
				IPHONEOS_DEPLOYMENT_TARGET = 11.1;
				MTL_ENABLE_DEBUG_INFO = NO;
				SDKROOT = iphoneos;
				VALIDATE_PRODUCT = YES;
			};
			name = Release;
		};
		3A2185872000B103005A9CB2 /* Debug */ = {
			isa = XCBuildConfiguration;
			buildSettings = {
				ASSETCATALOG_COMPILER_APPICON_NAME = AppIcon;
				CODE_SIGN_STYLE = Automatic;
				DEVELOPMENT_TEAM = 56K2M8B4JP;
				INFOPLIST_FILE = ZZBluetooth/Info.plist;
				IPHONEOS_DEPLOYMENT_TARGET = 9.0;
				LD_RUNPATH_SEARCH_PATHS = "$(inherited) @executable_path/Frameworks";
				PRODUCT_BUNDLE_IDENTIFIER = me.ZZBluetooth.ZZBluetooth;
				PRODUCT_NAME = "$(TARGET_NAME)";
				TARGETED_DEVICE_FAMILY = 1;
			};
			name = Debug;
		};
		3A2185882000B103005A9CB2 /* Release */ = {
			isa = XCBuildConfiguration;
			buildSettings = {
				ASSETCATALOG_COMPILER_APPICON_NAME = AppIcon;
				CODE_SIGN_STYLE = Automatic;
				DEVELOPMENT_TEAM = 56K2M8B4JP;
				INFOPLIST_FILE = ZZBluetooth/Info.plist;
				IPHONEOS_DEPLOYMENT_TARGET = 9.0;
				LD_RUNPATH_SEARCH_PATHS = "$(inherited) @executable_path/Frameworks";
				PRODUCT_BUNDLE_IDENTIFIER = me.ZZBluetooth.ZZBluetooth;
				PRODUCT_NAME = "$(TARGET_NAME)";
				TARGETED_DEVICE_FAMILY = 1;
			};
			name = Release;
		};
		3A21858A2000B103005A9CB2 /* Debug */ = {
			isa = XCBuildConfiguration;
			buildSettings = {
				BUNDLE_LOADER = "$(TEST_HOST)";
				CODE_SIGN_STYLE = Automatic;
				DEVELOPMENT_TEAM = 56K2M8B4JP;
				INFOPLIST_FILE = ZZBluetoothTests/Info.plist;
				LD_RUNPATH_SEARCH_PATHS = "$(inherited) @executable_path/Frameworks @loader_path/Frameworks";
				PRODUCT_BUNDLE_IDENTIFIER = me.ZZBluetooth.ZZBluetoothTests;
				PRODUCT_NAME = "$(TARGET_NAME)";
				TARGETED_DEVICE_FAMILY = "1,2";
				TEST_HOST = "$(BUILT_PRODUCTS_DIR)/ZZBluetooth.app/ZZBluetooth";
			};
			name = Debug;
		};
		3A21858B2000B103005A9CB2 /* Release */ = {
			isa = XCBuildConfiguration;
			buildSettings = {
				BUNDLE_LOADER = "$(TEST_HOST)";
				CODE_SIGN_STYLE = Automatic;
				DEVELOPMENT_TEAM = 56K2M8B4JP;
				INFOPLIST_FILE = ZZBluetoothTests/Info.plist;
				LD_RUNPATH_SEARCH_PATHS = "$(inherited) @executable_path/Frameworks @loader_path/Frameworks";
				PRODUCT_BUNDLE_IDENTIFIER = me.ZZBluetooth.ZZBluetoothTests;
				PRODUCT_NAME = "$(TARGET_NAME)";
				TARGETED_DEVICE_FAMILY = "1,2";
				TEST_HOST = "$(BUILT_PRODUCTS_DIR)/ZZBluetooth.app/ZZBluetooth";
			};
			name = Release;
		};
		3A21858D2000B103005A9CB2 /* Debug */ = {
			isa = XCBuildConfiguration;
			buildSettings = {
				CODE_SIGN_STYLE = Automatic;
				DEVELOPMENT_TEAM = 56K2M8B4JP;
				INFOPLIST_FILE = ZZBluetoothUITests/Info.plist;
				LD_RUNPATH_SEARCH_PATHS = "$(inherited) @executable_path/Frameworks @loader_path/Frameworks";
				PRODUCT_BUNDLE_IDENTIFIER = me.ZZBluetooth.ZZBluetoothUITests;
				PRODUCT_NAME = "$(TARGET_NAME)";
				TARGETED_DEVICE_FAMILY = "1,2";
				TEST_TARGET_NAME = ZZBluetooth;
			};
			name = Debug;
		};
		3A21858E2000B103005A9CB2 /* Release */ = {
			isa = XCBuildConfiguration;
			buildSettings = {
				CODE_SIGN_STYLE = Automatic;
				DEVELOPMENT_TEAM = 56K2M8B4JP;
				INFOPLIST_FILE = ZZBluetoothUITests/Info.plist;
				LD_RUNPATH_SEARCH_PATHS = "$(inherited) @executable_path/Frameworks @loader_path/Frameworks";
				PRODUCT_BUNDLE_IDENTIFIER = me.ZZBluetooth.ZZBluetoothUITests;
				PRODUCT_NAME = "$(TARGET_NAME)";
				TARGETED_DEVICE_FAMILY = "1,2";
				TEST_TARGET_NAME = ZZBluetooth;
			};
			name = Release;
		};
/* End XCBuildConfiguration section */

/* Begin XCConfigurationList section */
		3A2185552000B102005A9CB2 /* Build configuration list for PBXProject "ZZBluetooth" */ = {
			isa = XCConfigurationList;
			buildConfigurations = (
				3A2185842000B103005A9CB2 /* Debug */,
				3A2185852000B103005A9CB2 /* Release */,
			);
			defaultConfigurationIsVisible = 0;
			defaultConfigurationName = Release;
		};
		3A2185862000B103005A9CB2 /* Build configuration list for PBXNativeTarget "ZZBluetooth" */ = {
			isa = XCConfigurationList;
			buildConfigurations = (
				3A2185872000B103005A9CB2 /* Debug */,
				3A2185882000B103005A9CB2 /* Release */,
			);
			defaultConfigurationIsVisible = 0;
			defaultConfigurationName = Release;
		};
		3A2185892000B103005A9CB2 /* Build configuration list for PBXNativeTarget "ZZBluetoothTests" */ = {
			isa = XCConfigurationList;
			buildConfigurations = (
				3A21858A2000B103005A9CB2 /* Debug */,
				3A21858B2000B103005A9CB2 /* Release */,
			);
			defaultConfigurationIsVisible = 0;
			defaultConfigurationName = Release;
		};
		3A21858C2000B103005A9CB2 /* Build configuration list for PBXNativeTarget "ZZBluetoothUITests" */ = {
			isa = XCConfigurationList;
			buildConfigurations = (
				3A21858D2000B103005A9CB2 /* Debug */,
				3A21858E2000B103005A9CB2 /* Release */,
			);
			defaultConfigurationIsVisible = 0;
			defaultConfigurationName = Release;
		};
/* End XCConfigurationList section */
	};
	rootObject = 3A2185522000B102005A9CB2 /* Project object */;
}
